// !$*UTF8*$!
{
	archiveVersion = 1;
	classes = {
	};
	objectVersion = 77;
	objects = {

/* Begin PBXContainerItemProxy section */
		D186B7F82D790346001C5BEA /* PBXContainerItemProxy */ = {
			isa = PBXContainerItemProxy;
			containerPortal = D186B7D92D790341001C5BEA /* Project object */;
			proxyType = 1;
			remoteGlobalIDString = D186B7E02D790341001C5BEA;
			remoteInfo = Rocket_Tracker;
		};
		D186B8022D790346001C5BEA /* PBXContainerItemProxy */ = {
			isa = PBXContainerItemProxy;
			containerPortal = D186B7D92D790341001C5BEA /* Project object */;
			proxyType = 1;
			remoteGlobalIDString = D186B7E02D790341001C5BEA;
			remoteInfo = Rocket_Tracker;
		};
/* End PBXContainerItemProxy section */

/* Begin PBXFileReference section */
		D186B7E12D790341001C5BEA /* Rocket_Tracker.app */ = {isa = PBXFileReference; explicitFileType = wrapper.application; includeInIndex = 0; path = Rocket_Tracker.app; sourceTree = BUILT_PRODUCTS_DIR; };
		D186B7F72D790346001C5BEA /* Rocket_TrackerTests.xctest */ = {isa = PBXFileReference; explicitFileType = wrapper.cfbundle; includeInIndex = 0; path = Rocket_TrackerTests.xctest; sourceTree = BUILT_PRODUCTS_DIR; };
		D186B8012D790346001C5BEA /* Rocket_TrackerUITests.xctest */ = {isa = PBXFileReference; explicitFileType = wrapper.cfbundle; includeInIndex = 0; path = Rocket_TrackerUITests.xctest; sourceTree = BUILT_PRODUCTS_DIR; };
/* End PBXFileReference section */

/* Begin PBXFileSystemSynchronizedBuildFileExceptionSet section */
		D186B8092D790346001C5BEA /* Exceptions for "Rocket_Tracker" folder in "Rocket_Tracker" target */ = {
			isa = PBXFileSystemSynchronizedBuildFileExceptionSet;
			membershipExceptions = (
				Info.plist,
			);
			target = D186B7E02D790341001C5BEA /* Rocket_Tracker */;
		};
/* End PBXFileSystemSynchronizedBuildFileExceptionSet section */

/* Begin PBXFileSystemSynchronizedRootGroup section */
		D186B7E32D790341001C5BEA /* Rocket_Tracker */ = {
			isa = PBXFileSystemSynchronizedRootGroup;
			exceptions = (
				D186B8092D790346001C5BEA /* Exceptions for "Rocket_Tracker" folder in "Rocket_Tracker" target */,
			);
			path = Rocket_Tracker;
			sourceTree = "<group>";
		};
		D186B7FA2D790346001C5BEA /* Rocket_TrackerTests */ = {
			isa = PBXFileSystemSynchronizedRootGroup;
			path = Rocket_TrackerTests;
			sourceTree = "<group>";
		};
		D186B8042D790346001C5BEA /* Rocket_TrackerUITests */ = {
			isa = PBXFileSystemSynchronizedRootGroup;
			path = Rocket_TrackerUITests;
			sourceTree = "<group>";
		};
/* End PBXFileSystemSynchronizedRootGroup section */

/* Begin PBXFrameworksBuildPhase section */
		D186B7DE2D790341001C5BEA /* Frameworks */ = {
			isa = PBXFrameworksBuildPhase;
			buildActionMask = 2147483647;
			files = (
			);
			runOnlyForDeploymentPostprocessing = 0;
		};
		D186B7F42D790346001C5BEA /* Frameworks */ = {
			isa = PBXFrameworksBuildPhase;
			buildActionMask = 2147483647;
			files = (
			);
			runOnlyForDeploymentPostprocessing = 0;
		};
		D186B7FE2D790346001C5BEA /* Frameworks */ = {
			isa = PBXFrameworksBuildPhase;
			buildActionMask = 2147483647;
			files = (
			);
			runOnlyForDeploymentPostprocessing = 0;
		};
/* End PBXFrameworksBuildPhase section */

/* Begin PBXGroup section */
		D186B7D82D790341001C5BEA = {
			isa = PBXGroup;
			children = (
				D186B7E32D790341001C5BEA /* Rocket_Tracker */,
				D186B7FA2D790346001C5BEA /* Rocket_TrackerTests */,
				D186B8042D790346001C5BEA /* Rocket_TrackerUITests */,
				D186B7E22D790341001C5BEA /* Products */,
			);
			sourceTree = "<group>";
		};
		D186B7E22D790341001C5BEA /* Products */ = {
			isa = PBXGroup;
			children = (
				D186B7E12D790341001C5BEA /* Rocket_Tracker.app */,
				D186B7F72D790346001C5BEA /* Rocket_TrackerTests.xctest */,
				D186B8012D790346001C5BEA /* Rocket_TrackerUITests.xctest */,
			);
			name = Products;
			sourceTree = "<group>";
		};
/* End PBXGroup section */

/* Begin PBXNativeTarget section */
		D186B7E02D790341001C5BEA /* Rocket_Tracker */ = {
			isa = PBXNativeTarget;
			buildConfigurationList = D186B80A2D790346001C5BEA /* Build configuration list for PBXNativeTarget "Rocket_Tracker" */;
			buildPhases = (
				D186B7DD2D790341001C5BEA /* Sources */,
				D186B7DE2D790341001C5BEA /* Frameworks */,
				D186B7DF2D790341001C5BEA /* Resources */,
			);
			buildRules = (
			);
			dependencies = (
			);
			fileSystemSynchronizedGroups = (
				D186B7E32D790341001C5BEA /* Rocket_Tracker */,
			);
			name = Rocket_Tracker;
			packageProductDependencies = (
			);
			productName = Rocket_Tracker;
			productReference = D186B7E12D790341001C5BEA /* Rocket_Tracker.app */;
			productType = "com.apple.product-type.application";
		};
		D186B7F62D790346001C5BEA /* Rocket_TrackerTests */ = {
			isa = PBXNativeTarget;
			buildConfigurationList = D186B80F2D790346001C5BEA /* Build configuration list for PBXNativeTarget "Rocket_TrackerTests" */;
			buildPhases = (
				D186B7F32D790346001C5BEA /* Sources */,
				D186B7F42D790346001C5BEA /* Frameworks */,
				D186B7F52D790346001C5BEA /* Resources */,
			);
			buildRules = (
			);
			dependencies = (
				D186B7F92D790346001C5BEA /* PBXTargetDependency */,
			);
			fileSystemSynchronizedGroups = (
				D186B7FA2D790346001C5BEA /* Rocket_TrackerTests */,
			);
			name = Rocket_TrackerTests;
			packageProductDependencies = (
			);
			productName = Rocket_TrackerTests;
			productReference = D186B7F72D790346001C5BEA /* Rocket_TrackerTests.xctest */;
			productType = "com.apple.product-type.bundle.unit-test";
		};
		D186B8002D790346001C5BEA /* Rocket_TrackerUITests */ = {
			isa = PBXNativeTarget;
			buildConfigurationList = D186B8122D790346001C5BEA /* Build configuration list for PBXNativeTarget "Rocket_TrackerUITests" */;
			buildPhases = (
				D186B7FD2D790346001C5BEA /* Sources */,
				D186B7FE2D790346001C5BEA /* Frameworks */,
				D186B7FF2D790346001C5BEA /* Resources */,
			);
			buildRules = (
			);
			dependencies = (
				D186B8032D790346001C5BEA /* PBXTargetDependency */,
			);
			fileSystemSynchronizedGroups = (
				D186B8042D790346001C5BEA /* Rocket_TrackerUITests */,
			);
			name = Rocket_TrackerUITests;
			packageProductDependencies = (
			);
			productName = Rocket_TrackerUITests;
			productReference = D186B8012D790346001C5BEA /* Rocket_TrackerUITests.xctest */;
			productType = "com.apple.product-type.bundle.ui-testing";
		};
/* End PBXNativeTarget section */

/* Begin PBXProject section */
		D186B7D92D790341001C5BEA /* Project object */ = {
			isa = PBXProject;
			attributes = {
				BuildIndependentTargetsInParallel = 1;
				LastSwiftUpdateCheck = 1620;
				LastUpgradeCheck = 1620;
				TargetAttributes = {
					D186B7E02D790341001C5BEA = {
						CreatedOnToolsVersion = 16.2;
					};
					D186B7F62D790346001C5BEA = {
						CreatedOnToolsVersion = 16.2;
						TestTargetID = D186B7E02D790341001C5BEA;
					};
					D186B8002D790346001C5BEA = {
						CreatedOnToolsVersion = 16.2;
						TestTargetID = D186B7E02D790341001C5BEA;
					};
				};
			};
			buildConfigurationList = D186B7DC2D790341001C5BEA /* Build configuration list for PBXProject "Rocket_Tracker" */;
			developmentRegion = en;
			hasScannedForEncodings = 0;
			knownRegions = (
				en,
				Base,
			);
			mainGroup = D186B7D82D790341001C5BEA;
			minimizedProjectReferenceProxies = 1;
			preferredProjectObjectVersion = 77;
			productRefGroup = D186B7E22D790341001C5BEA /* Products */;
			projectDirPath = "";
			projectRoot = "";
			targets = (
				D186B7E02D790341001C5BEA /* Rocket_Tracker */,
				D186B7F62D790346001C5BEA /* Rocket_TrackerTests */,
				D186B8002D790346001C5BEA /* Rocket_TrackerUITests */,
			);
		};
/* End PBXProject section */

/* Begin PBXResourcesBuildPhase section */
		D186B7DF2D790341001C5BEA /* Resources */ = {
			isa = PBXResourcesBuildPhase;
			buildActionMask = 2147483647;
			files = (
			);
			runOnlyForDeploymentPostprocessing = 0;
		};
		D186B7F52D790346001C5BEA /* Resources */ = {
			isa = PBXResourcesBuildPhase;
			buildActionMask = 2147483647;
			files = (
			);
			runOnlyForDeploymentPostprocessing = 0;
		};
		D186B7FF2D790346001C5BEA /* Resources */ = {
			isa = PBXResourcesBuildPhase;
			buildActionMask = 2147483647;
			files = (
			);
			runOnlyForDeploymentPostprocessing = 0;
		};
/* End PBXResourcesBuildPhase section */

/* Begin PBXSourcesBuildPhase section */
		D186B7DD2D790341001C5BEA /* Sources */ = {
			isa = PBXSourcesBuildPhase;
			buildActionMask = 2147483647;
			files = (
			);
			runOnlyForDeploymentPostprocessing = 0;
		};
		D186B7F32D790346001C5BEA /* Sources */ = {
			isa = PBXSourcesBuildPhase;
			buildActionMask = 2147483647;
			files = (
			);
			runOnlyForDeploymentPostprocessing = 0;
		};
		D186B7FD2D790346001C5BEA /* Sources */ = {
			isa = PBXSourcesBuildPhase;
			buildActionMask = 2147483647;
			files = (
			);
			runOnlyForDeploymentPostprocessing = 0;
		};
/* End PBXSourcesBuildPhase section */

/* Begin PBXTargetDependency section */
		D186B7F92D790346001C5BEA /* PBXTargetDependency */ = {
			isa = PBXTargetDependency;
			target = D186B7E02D790341001C5BEA /* Rocket_Tracker */;
			targetProxy = D186B7F82D790346001C5BEA /* PBXContainerItemProxy */;
		};
		D186B8032D790346001C5BEA /* PBXTargetDependency */ = {
			isa = PBXTargetDependency;
			target = D186B7E02D790341001C5BEA /* Rocket_Tracker */;
			targetProxy = D186B8022D790346001C5BEA /* PBXContainerItemProxy */;
		};
/* End PBXTargetDependency section */

/* Begin XCBuildConfiguration section */
		D186B80B2D790346001C5BEA /* Debug */ = {
			isa = XCBuildConfiguration;
			buildSettings = {
				ASSETCATALOG_COMPILER_APPICON_NAME = AppIcon;
				ASSETCATALOG_COMPILER_GLOBAL_ACCENT_COLOR_NAME = AccentColor;
				CODE_SIGN_STYLE = Automatic;
				CURRENT_PROJECT_VERSION = 1;
				DEVELOPMENT_TEAM = 7J9X73JUPD;
				GENERATE_INFOPLIST_FILE = YES;
				INFOPLIST_FILE = Rocket_Tracker/Info.plist;
				INFOPLIST_KEY_NSBluetoothAlwaysUsageDescription = "Requires Bluetooth in Order to Locate the Launch Vehicle";
				INFOPLIST_KEY_NSBluetoothPeripheralUsageDescription = "Requires Bluetooth in Order to Locate the Launch Vehicle";
				INFOPLIST_KEY_UIApplicationSupportsIndirectInputEvents = YES;
				INFOPLIST_KEY_UILaunchStoryboardName = LaunchScreen;
				INFOPLIST_KEY_UIMainStoryboardFile = Main;
				INFOPLIST_KEY_UISupportedInterfaceOrientations_iPad = "UIInterfaceOrientationPortrait UIInterfaceOrientationPortraitUpsideDown UIInterfaceOrientationLandscapeLeft UIInterfaceOrientationLandscapeRight";
				INFOPLIST_KEY_UISupportedInterfaceOrientations_iPhone = "UIInterfaceOrientationPortrait UIInterfaceOrientationLandscapeLeft UIInterfaceOrientationLandscapeRight";
				LD_RUNPATH_SEARCH_PATHS = (
					"$(inherited)",
					"@executable_path/Frameworks",
				);
				MARKETING_VERSION = 1.0;
				PRODUCT_BUNDLE_IDENTIFIER = "CornellRocketry.Rocket-Tracker";
				PRODUCT_NAME = "$(TARGET_NAME)";
				SWIFT_EMIT_LOC_STRINGS = YES;
				SWIFT_VERSION = 5.0;
				TARGETED_DEVICE_FAMILY = "1,2";
			};
			name = Debug;
		};
		D186B80C2D790346001C5BEA /* Release */ = {
			isa = XCBuildConfiguration;
			buildSettings = {
				ASSETCATALOG_COMPILER_APPICON_NAME = AppIcon;
				ASSETCATALOG_COMPILER_GLOBAL_ACCENT_COLOR_NAME = AccentColor;
				CODE_SIGN_STYLE = Automatic;
				CURRENT_PROJECT_VERSION = 1;
				DEVELOPMENT_TEAM = 7J9X73JUPD;
				GENERATE_INFOPLIST_FILE = YES;
				INFOPLIST_FILE = Rocket_Tracker/Info.plist;
				INFOPLIST_KEY_NSBluetoothAlwaysUsageDescription = "Requires Bluetooth in Order to Locate the Launch Vehicle";
				INFOPLIST_KEY_NSBluetoothPeripheralUsageDescription = "Requires Bluetooth in Order to Locate the Launch Vehicle";
				INFOPLIST_KEY_UIApplicationSupportsIndirectInputEvents = YES;
				INFOPLIST_KEY_UILaunchStoryboardName = LaunchScreen;
				INFOPLIST_KEY_UIMainStoryboardFile = Main;
				INFOPLIST_KEY_UISupportedInterfaceOrientations_iPad = "UIInterfaceOrientationPortrait UIInterfaceOrientationPortraitUpsideDown UIInterfaceOrientationLandscapeLeft UIInterfaceOrientationLandscapeRight";
				INFOPLIST_KEY_UISupportedInterfaceOrientations_iPhone = "UIInterfaceOrientationPortrait UIInterfaceOrientationLandscapeLeft UIInterfaceOrientationLandscapeRight";
				LD_RUNPATH_SEARCH_PATHS = (
					"$(inherited)",
					"@executable_path/Frameworks",
				);
				MARKETING_VERSION = 1.0;
				PRODUCT_BUNDLE_IDENTIFIER = "CornellRocketry.Rocket-Tracker";
				PRODUCT_NAME = "$(TARGET_NAME)";
				SWIFT_EMIT_LOC_STRINGS = YES;
				SWIFT_VERSION = 5.0;
				TARGETED_DEVICE_FAMILY = "1,2";
			};
			name = Release;
		};
		D186B80D2D790346001C5BEA /* Debug */ = {
			isa = XCBuildConfiguration;
			buildSettings = {
				ALWAYS_SEARCH_USER_PATHS = NO;
				ASSETCATALOG_COMPILER_GENERATE_SWIFT_ASSET_SYMBOL_EXTENSIONS = YES;
				CLANG_ANALYZER_NONNULL = YES;
				CLANG_ANALYZER_NUMBER_OBJECT_CONVERSION = YES_AGGRESSIVE;
				CLANG_CXX_LANGUAGE_STANDARD = "gnu++20";
				CLANG_ENABLE_MODULES = YES;
				CLANG_ENABLE_OBJC_ARC = YES;
				CLANG_ENABLE_OBJC_WEAK = YES;
				CLANG_WARN_BLOCK_CAPTURE_AUTORELEASING = YES;
				CLANG_WARN_BOOL_CONVERSION = YES;
				CLANG_WARN_COMMA = YES;
				CLANG_WARN_CONSTANT_CONVERSION = YES;
				CLANG_WARN_DEPRECATED_OBJC_IMPLEMENTATIONS = YES;
				CLANG_WARN_DIRECT_OBJC_ISA_USAGE = YES_ERROR;
				CLANG_WARN_DOCUMENTATION_COMMENTS = YES;
				CLANG_WARN_EMPTY_BODY = YES;
				CLANG_WARN_ENUM_CONVERSION = YES;
				CLANG_WARN_INFINITE_RECURSION = YES;
				CLANG_WARN_INT_CONVERSION = YES;
				CLANG_WARN_NON_LITERAL_NULL_CONVERSION = YES;
				CLANG_WARN_OBJC_IMPLICIT_RETAIN_SELF = YES;
				CLANG_WARN_OBJC_LITERAL_CONVERSION = YES;
				CLANG_WARN_OBJC_ROOT_CLASS = YES_ERROR;
				CLANG_WARN_QUOTED_INCLUDE_IN_FRAMEWORK_HEADER = YES;
				CLANG_WARN_RANGE_LOOP_ANALYSIS = YES;
				CLANG_WARN_STRICT_PROTOTYPES = YES;
				CLANG_WARN_SUSPICIOUS_MOVE = YES;
				CLANG_WARN_UNGUARDED_AVAILABILITY = YES_AGGRESSIVE;
				CLANG_WARN_UNREACHABLE_CODE = YES;
				CLANG_WARN__DUPLICATE_METHOD_MATCH = YES;
				COPY_PHASE_STRIP = NO;
				DEBUG_INFORMATION_FORMAT = dwarf;
				ENABLE_STRICT_OBJC_MSGSEND = YES;
				ENABLE_TESTABILITY = YES;
				ENABLE_USER_SCRIPT_SANDBOXING = YES;
				GCC_C_LANGUAGE_STANDARD = gnu17;
				GCC_DYNAMIC_NO_PIC = NO;
				GCC_NO_COMMON_BLOCKS = YES;
				GCC_OPTIMIZATION_LEVEL = 0;
				GCC_PREPROCESSOR_DEFINITIONS = (
					"DEBUG=1",
					"$(inherited)",
				);
				GCC_WARN_64_TO_32_BIT_CONVERSION = YES;
				GCC_WARN_ABOUT_RETURN_TYPE = YES_ERROR;
				GCC_WARN_UNDECLARED_SELECTOR = YES;
				GCC_WARN_UNINITIALIZED_AUTOS = YES_AGGRESSIVE;
				GCC_WARN_UNUSED_FUNCTION = YES;
				GCC_WARN_UNUSED_VARIABLE = YES;
				IPHONEOS_DEPLOYMENT_TARGET = 18.2;
				LOCALIZATION_PREFERS_STRING_CATALOGS = YES;
				MTL_ENABLE_DEBUG_INFO = INCLUDE_SOURCE;
				MTL_FAST_MATH = YES;
				ONLY_ACTIVE_ARCH = YES;
				SDKROOT = iphoneos;
				SWIFT_ACTIVE_COMPILATION_CONDITIONS = "DEBUG $(inherited)";
				SWIFT_OPTIMIZATION_LEVEL = "-Onone";
			};
			name = Debug;
		};
		D186B80E2D790346001C5BEA /* Release */ = {
			isa = XCBuildConfiguration;
			buildSettings = {
				ALWAYS_SEARCH_USER_PATHS = NO;
				ASSETCATALOG_COMPILER_GENERATE_SWIFT_ASSET_SYMBOL_EXTENSIONS = YES;
				CLANG_ANALYZER_NONNULL = YES;
				CLANG_ANALYZER_NUMBER_OBJECT_CONVERSION = YES_AGGRESSIVE;
				CLANG_CXX_LANGUAGE_STANDARD = "gnu++20";
				CLANG_ENABLE_MODULES = YES;
				CLANG_ENABLE_OBJC_ARC = YES;
				CLANG_ENABLE_OBJC_WEAK = YES;
				CLANG_WARN_BLOCK_CAPTURE_AUTORELEASING = YES;
				CLANG_WARN_BOOL_CONVERSION = YES;
				CLANG_WARN_COMMA = YES;
				CLANG_WARN_CONSTANT_CONVERSION = YES;
				CLANG_WARN_DEPRECATED_OBJC_IMPLEMENTATIONS = YES;
				CLANG_WARN_DIRECT_OBJC_ISA_USAGE = YES_ERROR;
				CLANG_WARN_DOCUMENTATION_COMMENTS = YES;
				CLANG_WARN_EMPTY_BODY = YES;
				CLANG_WARN_ENUM_CONVERSION = YES;
				CLANG_WARN_INFINITE_RECURSION = YES;
				CLANG_WARN_INT_CONVERSION = YES;
				CLANG_WARN_NON_LITERAL_NULL_CONVERSION = YES;
				CLANG_WARN_OBJC_IMPLICIT_RETAIN_SELF = YES;
				CLANG_WARN_OBJC_LITERAL_CONVERSION = YES;
				CLANG_WARN_OBJC_ROOT_CLASS = YES_ERROR;
				CLANG_WARN_QUOTED_INCLUDE_IN_FRAMEWORK_HEADER = YES;
				CLANG_WARN_RANGE_LOOP_ANALYSIS = YES;
				CLANG_WARN_STRICT_PROTOTYPES = YES;
				CLANG_WARN_SUSPICIOUS_MOVE = YES;
				CLANG_WARN_UNGUARDED_AVAILABILITY = YES_AGGRESSIVE;
				CLANG_WARN_UNREACHABLE_CODE = YES;
				CLANG_WARN__DUPLICATE_METHOD_MATCH = YES;
				COPY_PHASE_STRIP = NO;
				DEBUG_INFORMATION_FORMAT = "dwarf-with-dsym";
				ENABLE_NS_ASSERTIONS = NO;
				ENABLE_STRICT_OBJC_MSGSEND = YES;
				ENABLE_USER_SCRIPT_SANDBOXING = YES;
				GCC_C_LANGUAGE_STANDARD = gnu17;
				GCC_NO_COMMON_BLOCKS = YES;
				GCC_WARN_64_TO_32_BIT_CONVERSION = YES;
				GCC_WARN_ABOUT_RETURN_TYPE = YES_ERROR;
				GCC_WARN_UNDECLARED_SELECTOR = YES;
				GCC_WARN_UNINITIALIZED_AUTOS = YES_AGGRESSIVE;
				GCC_WARN_UNUSED_FUNCTION = YES;
				GCC_WARN_UNUSED_VARIABLE = YES;
				IPHONEOS_DEPLOYMENT_TARGET = 18.2;
				LOCALIZATION_PREFERS_STRING_CATALOGS = YES;
				MTL_ENABLE_DEBUG_INFO = NO;
				MTL_FAST_MATH = YES;
				SDKROOT = iphoneos;
				SWIFT_COMPILATION_MODE = wholemodule;
				VALIDATE_PRODUCT = YES;
			};
			name = Release;
		};
		D186B8102D790346001C5BEA /* Debug */ = {
			isa = XCBuildConfiguration;
			buildSettings = {
				BUNDLE_LOADER = "$(TEST_HOST)";
				CODE_SIGN_STYLE = Automatic;
				CURRENT_PROJECT_VERSION = 1;
				DEVELOPMENT_TEAM = 7J9X73JUPD;
				GENERATE_INFOPLIST_FILE = YES;
				IPHONEOS_DEPLOYMENT_TARGET = 18.2;
				MARKETING_VERSION = 1.0;
				PRODUCT_BUNDLE_IDENTIFIER = "CornellRocketry.Rocket-TrackerTests";
				PRODUCT_NAME = "$(TARGET_NAME)";
				SWIFT_EMIT_LOC_STRINGS = NO;
				SWIFT_VERSION = 5.0;
				TARGETED_DEVICE_FAMILY = "1,2";
				TEST_HOST = "$(BUILT_PRODUCTS_DIR)/Rocket_Tracker.app/$(BUNDLE_EXECUTABLE_FOLDER_PATH)/Rocket_Tracker";
			};
			name = Debug;
		};
		D186B8112D790346001C5BEA /* Release */ = {
			isa = XCBuildConfiguration;
			buildSettings = {
				BUNDLE_LOADER = "$(TEST_HOST)";
				CODE_SIGN_STYLE = Automatic;
				CURRENT_PROJECT_VERSION = 1;
				DEVELOPMENT_TEAM = 7J9X73JUPD;
				GENERATE_INFOPLIST_FILE = YES;
				IPHONEOS_DEPLOYMENT_TARGET = 18.2;
				MARKETING_VERSION = 1.0;
				PRODUCT_BUNDLE_IDENTIFIER = "CornellRocketry.Rocket-TrackerTests";
				PRODUCT_NAME = "$(TARGET_NAME)";
				SWIFT_EMIT_LOC_STRINGS = NO;
				SWIFT_VERSION = 5.0;
				TARGETED_DEVICE_FAMILY = "1,2";
				TEST_HOST = "$(BUILT_PRODUCTS_DIR)/Rocket_Tracker.app/$(BUNDLE_EXECUTABLE_FOLDER_PATH)/Rocket_Tracker";
			};
			name = Release;
		};
		D186B8132D790346001C5BEA /* Debug */ = {
			isa = XCBuildConfiguration;
			buildSettings = {
				CODE_SIGN_STYLE = Automatic;
				CURRENT_PROJECT_VERSION = 1;
				DEVELOPMENT_TEAM = 7J9X73JUPD;
				GENERATE_INFOPLIST_FILE = YES;
				MARKETING_VERSION = 1.0;
				PRODUCT_BUNDLE_IDENTIFIER = "CornellRocketry.Rocket-TrackerUITests";
				PRODUCT_NAME = "$(TARGET_NAME)";
				SWIFT_EMIT_LOC_STRINGS = NO;
				SWIFT_VERSION = 5.0;
				TARGETED_DEVICE_FAMILY = "1,2";
				TEST_TARGET_NAME = Rocket_Tracker;
			};
			name = Debug;
		};
		D186B8142D790346001C5BEA /* Release */ = {
			isa = XCBuildConfiguration;
			buildSettings = {
				CODE_SIGN_STYLE = Automatic;
				CURRENT_PROJECT_VERSION = 1;
				DEVELOPMENT_TEAM = 7J9X73JUPD;
				GENERATE_INFOPLIST_FILE = YES;
				MARKETING_VERSION = 1.0;
				PRODUCT_BUNDLE_IDENTIFIER = "CornellRocketry.Rocket-TrackerUITests";
				PRODUCT_NAME = "$(TARGET_NAME)";
				SWIFT_EMIT_LOC_STRINGS = NO;
				SWIFT_VERSION = 5.0;
				TARGETED_DEVICE_FAMILY = "1,2";
				TEST_TARGET_NAME = Rocket_Tracker;
			};
			name = Release;
		};
/* End XCBuildConfiguration section */

/* Begin XCConfigurationList section */
		D186B7DC2D790341001C5BEA /* Build configuration list for PBXProject "Rocket_Tracker" */ = {
			isa = XCConfigurationList;
			buildConfigurations = (
				D186B80D2D790346001C5BEA /* Debug */,
				D186B80E2D790346001C5BEA /* Release */,
			);
			defaultConfigurationIsVisible = 0;
			defaultConfigurationName = Release;
		};
		D186B80A2D790346001C5BEA /* Build configuration list for PBXNativeTarget "Rocket_Tracker" */ = {
			isa = XCConfigurationList;
			buildConfigurations = (
				D186B80B2D790346001C5BEA /* Debug */,
				D186B80C2D790346001C5BEA /* Release */,
			);
			defaultConfigurationIsVisible = 0;
			defaultConfigurationName = Release;
		};
		D186B80F2D790346001C5BEA /* Build configuration list for PBXNativeTarget "Rocket_TrackerTests" */ = {
			isa = XCConfigurationList;
			buildConfigurations = (
				D186B8102D790346001C5BEA /* Debug */,
				D186B8112D790346001C5BEA /* Release */,
			);
			defaultConfigurationIsVisible = 0;
			defaultConfigurationName = Release;
		};
		D186B8122D790346001C5BEA /* Build configuration list for PBXNativeTarget "Rocket_TrackerUITests" */ = {
			isa = XCConfigurationList;
			buildConfigurations = (
				D186B8132D790346001C5BEA /* Debug */,
				D186B8142D790346001C5BEA /* Release */,
			);
			defaultConfigurationIsVisible = 0;
			defaultConfigurationName = Release;
		};
/* End XCConfigurationList section */
	};
	rootObject = D186B7D92D790341001C5BEA /* Project object */;
}
